{
    "_meta": {
        "hash": {
            "sha256": "3f41c28c5e53519c048e8d55f5ccb5acd3904d4c535e664511a8d739e747fa79"
        },
        "pipfile-spec": 6,
        "requires": {
            "python_version": "3.6"
        },
        "sources": [
            {
                "name": "pypi",
                "url": "https://pypi.org/simple",
                "verify_ssl": true
            }
        ]
    },
    "default": {
        "certifi": {
            "hashes": [
                "sha256:35824b4c3a97115964b408844d64aa14db1cc518f6562e8d7261699d1350a9e3",
                "sha256:4ad3232f5e926d6718ec31cfc1fcadfde020920e278684144551c91769c7bc18"
            ],
            "index": "pypi",
            "version": "==2022.12.7"
        },
        "chardet": {
            "hashes": [
                "sha256:84ab92ed1c4d4f16916e05906b6b75a6c0fb5db821cc65e70cbd64a3e2a5eaae",
                "sha256:fc323ffcaeaed0e0a02bf4d117757b98aed530d9ed4531e3e15460124c106691"
            ],
            "version": "==3.0.4"
        },
        "configparser": {
            "hashes": [
                "sha256:5308b47021bc2340965c371f0f058cc6971a04502638d4244225c49d80db273a"
            ],
            "index": "pypi",
            "version": "==3.5.0"
        },
        "idna": {
            "hashes": [
                "sha256:2c6a5de3089009e3da7c5dde64a141dbc8551d5b7f6cf4ed7c2568d0cc520a8f",
                "sha256:8c7309c718f94b3a625cb648ace320157ad16ff131ae0af362c9f21b80ef6ec4"
            ],
            "version": "==2.6"
        },
        "pocketsphinx": {
            "hashes": [
                "sha256:019d2a2971f19aac3e319f2536fd1ff13b14ed9c7fbf9bc3440cb07fe261e5a4",
                "sha256:21d0cfdeb78910b22562504c7d9a53868f64b9040888cc193c03198a849e5dae",
                "sha256:2b06fea365b55a40a0e51510b1b62a1575f264a38516ad20b940c133d569f6ef",
                "sha256:2f5ec0f812c3e346efd8143427fe1064b3fdc10038396caae0aca7afcba782e1",
                "sha256:42c82f117009a7355f281932a5fe6bee1f68a432631712241c60d207ef267931",
                "sha256:4dc0af673eb6d0523237ea66f2f72f9be38021c3e702e07d67718afd02220cac",
                "sha256:59f6de8ec032dccf059e0c5c9f1a21df553b9cfb6f4d5ebcfe580634c849f376",
                "sha256:6701ef8b107605771b52d60a592b65bae093cf533c3c070bd2ddb2807c609fde",
                "sha256:7fc0d6de2c64448ff9370249723b9319c75ad2f524f0d57e30f80bf521fa26f1",
                "sha256:919503baba39604d6f1b8017a8fc239c41f77c7646748a0cc077001579a0bade",
                "sha256:9a254518c4ff7f57aec7bdc86792d391622768bbc348bb0e0ebb1cbcf55184da",
                "sha256:9cb4b05b16b805c3460a323304b907f3a3609bb3e969ed09e361273f6ed16681",
                "sha256:9cee94eb0e861f7bba0bd9081176cd48bb49909fabb01330c2d1d1c1b336e7b1",
                "sha256:9f932d7a6e2ec04ea8f0b019537fa0c92e702a226a02007223c55a46606c9568",
                "sha256:a57ab9c122540cd8b2d6a9658cbfa05197eb013120a9b91b11a49f96ce4f2a8c",
                "sha256:a65ea9e5c9218b529de7d5560d302bc95aa21741fd9564896fdf362e2cd0e82d",
                "sha256:ac125aadefc85ab78706a4d18ae66c3dcf89eb9e2a0cbd88c7a6086df420346d",
                "sha256:ba144654675157c3c5ab890c86cfefbd495790e1ad9f8be97f64738bb0e7e785",
                "sha256:c1951834ebc1c0bad31bb0bbb8337921e6333b63be1582f6fe2c14132cfba162",
                "sha256:cb3a4c5427de4975269f9d6fec975fc958431e3382f31921830fda08a8b795a6",
                "sha256:ccdc5fb5591649cd0edcdde541bc813b5f74bf5dd04872b937e551732eaa6847",
                "sha256:da40cac571b9f2113bd0446b7fcb9a0e6d5e190e283d16864680fa83d45e2383",
                "sha256:e05e0ed601916e78d4854b23ce3699cd287208d63143b0c38bc060dbe4ccbcec",
                "sha256:f6bfa8e9a08026c46061364f59e9af8b0f4049142d4f155d9f07229d9b2d8281",
                "sha256:fdbf33d926aece1c56fc7772fe7763f371eb8b0029ed85b498558aba15a8eb21"
            ],
            "index": "pypi",
            "version": "==0.1.3"
        },
        "pyaudio": {
            "hashes": [
                "sha256:0d92f6a294565260a282f7c9a0b0d309fc8cc988b5ee5b50645634ab9e2da7f7",
                "sha256:259bb9c1363be895b4f9a97e320a6017dd06bc540728c1a04eb4a7b6fe75035b",
                "sha256:2a19bdb8ec1445b4f3e4b7b109e0e4cec1fd1f1ce588592aeb6db0b58d4fb3b0",
                "sha256:51b558d1b28c68437b53218279110db44f69f3f5dd3d81859f569a4a96962bdc",
                "sha256:589bfad2c615dd4b5d3757e763019c42ab82f06fba5cae64ec02fd7f5ae407ed",
                "sha256:8f89075b4844ea94dde0c951c2937581c989fabd4df09bfd3f075035f50955df",
                "sha256:93bfde30e0b64e63a46f2fd77e85c41fd51182a4a3413d9edfaf9ffaa26efb74",
                "sha256:cf1543ba50bd44ac0d0ab5c035bb9c3127eb76047ff12235149d9adf86f532b6",
                "sha256:f78d543a98b730e64621ebf7f3e2868a79ade0a373882ef51c0293455ffa8e6e"
            ],
            "index": "pypi",
            "version": "==0.2.11"
        },
        "pycryptodome": {
            "hashes": [
                "sha256:043c82cd3dd3120286a1b325ace93000cf52abb13a067c3ecb6220f874fe4c30",
                "sha256:0cdd73492859d853f60b8185715312dbca465879661e28d354d1cf5ea11860e7",
                "sha256:15013007e393d0cc0e69f4329a47c4c8597b7f3d02c12c03f805405542f70c71",
                "sha256:19d81b92bff837cdade735b9023808556bb4868e1ce194dad4d5ec4e2b2851f3",
                "sha256:1ceb3e87605c4f0080115a8a00abf45f5df27b0166a37fd669fbff4523273cfc",
                "sha256:2354a77051ed4a2959ce2aac508071eb3e42fc348ea39228b2eac335990bf508",
                "sha256:27bd2878200690b050dca34f505b5c623532324b3de40267c1484784063134df",
                "sha256:322f239e51fda80233762400a8975ab728639b571fa58545b95b9c44042af010",
                "sha256:49a71eb990af30ff6276cfe201eb83ed3640ae989c1b5973f7b55a46c94232d1",
                "sha256:4b5a2680008da3ac0cef2d3661597e0cbf8a3eb19eed35b859fd67e2de63eb85",
                "sha256:6d34fe5134eb5d62368e21e6f203ac1770bc7273e9536c4a280121312c2de53a",
                "sha256:733d5eb7e5ceed8b9d0b3c24c81f52c04cb5de6786461388204fceefe4456aa5",
                "sha256:7c73d3798fe2946953768b788ce554c0d4b390780f5e73d63bd833241af27bfe",
                "sha256:97af76f5200f15e97cac58d77f319dec40b4bada98de697c91a9517e63b41d1a",
                "sha256:97cc46ff02b99dafdc2e0385b325cec0f8a15bf8b285d6ed1d7e4a3bc2067ce1",
                "sha256:a561b59e0c3548eb649af381b7c38c6fd8392bbd4d0a8214794b2b761f405af4",
                "sha256:ab2c633bfc23cf41be9281228517cb6f87879f4f1aeb154ed72bd53ab7cc83e9",
                "sha256:adb54316998337f315520bbd8ef4d8bbd940b4ddfaef8ba1db3c137c5e499399",
                "sha256:b4a3b710287eb1fc3e2cc1af018063f003530dff00c9ea4c55ae19bc1f3923cc",
                "sha256:bcfdb66d6604882c3f96eea922552c2487cc0aec4b883cd217b9d341d2f8fad0",
                "sha256:c08c053eb8716bbbd5e13e38f453b9e46a063e68df8659f3c421dcb7519fd381",
                "sha256:e51da4ef9d9e2695a04044152f380c2db17adc9fc6fad8e24d863ead9cd548ed",
                "sha256:e850e07f54dc3de9a1efdd59d227fcd1cb30cdd307dafdc647c79e8f30cf5032",
                "sha256:ebc579c41fe26748dc1bad4f9105f08740ee28826293a28103b3875968695a5e",
                "sha256:ed94cb1b4bf24be734f2bf2db3e8ea75f3914d2f8e684291bee54bbe4a5a9151",
                "sha256:f5e19802295e63bdf83bb92849285c01f7167840efb1c1e08507a50b10ba7efa",
                "sha256:fc569682f012b1f62f8d28d8f9bc71f1de67648cd1bc124ef8ccf8db4edfc28a"
            ],
            "index": "pypi",
            "version": "==3.6.1"
        },
        "requests": {
            "hashes": [
                "sha256:6a1b267aa90cac58ac3a765d067950e7dbbf75b1da07e895d1f594193a40a38b",
                "sha256:9c443e7324ba5b85070c4a818ade28bfabedf16ea10206da1132edaa6dda237e"
            ],
            "index": "pypi",
            "version": "==2.18.4"
        },
        "sleekxmpp": {
            "hashes": [
                "sha256:d213c1de71d92505f95ced0460ee0f84fdc4ddcacb7d7dd343739ed4028e5569"
            ],
            "index": "pypi",
            "version": "==1.3.3"
        },
        "stringcase": {
            "hashes": [
                "sha256:48a06980661908efe8d9d34eab2b6c13aefa2163b3ced26972902e3bdfd87008"
            ],
            "index": "pypi",
            "version": "==1.2.0"
        },
        "urllib3": {
            "hashes": [
                "sha256:06330f386d6e4b195fbfc736b297f58c5a892e4440e54d294d7004e3a9bbea1b",
                "sha256:cc44da8e1145637334317feebd728bd869a35285b93cbb4cca2577da7e62db4f"
            ],
            "version": "==1.22"
        }
    },
    "develop": {}
}
